
Microsoft Visual Studio Solution File, Format Version 11.00
# Visual Studio 2010
Project("{FAE04EC0-301F-11D3-BF4B-00C04F79EFBC}") = "IntAirAct", "IntAirAct\IntAirAct.csproj", "{8A1CECE0-6F76-40A8-AEDC-B3D241D8A962}"
EndProject
Project("{FAE04EC0-301F-11D3-BF4B-00C04F79EFBC}") = "ZeroConf", "ZeroConf\ZeroConf.csproj", "{F585073E-EB3C-41DB-B8BE-2335029780D7}"
EndProject
Project("{FAE04EC0-301F-11D3-BF4B-00C04F79EFBC}") = "IntAirActDemoWindow", "IntAirActDemoWindow\IntAirActDemoWindow.csproj", "{EA217DB6-4142-4AE9-BD9F-0B0CD95BB311}"
EndProject
Project("{2150E333-8FDC-42A3-9474-1A3956D46DE8}") = ".nuget", ".nuget", "{9CE310FB-565C-4EED-9B2B-AC3FBA4E7619}"
	ProjectSection(SolutionItems) = preProject
		.nuget\NuGet.Config = .nuget\NuGet.Config
		.nuget\NuGet.exe = .nuget\NuGet.exe
		.nuget\NuGet.targets = .nuget\NuGet.targets
	EndProjectSection
EndProject
Global
	GlobalSection(SolutionConfigurationPlatforms) = preSolution
		Debug|Any CPU = Debug|Any CPU
		Debug|Mixed Platforms = Debug|Mixed Platforms
		Debug|x86 = Debug|x86
		Release|Any CPU = Release|Any CPU
		Release|Mixed Platforms = Release|Mixed Platforms
		Release|x86 = Release|x86
	EndGlobalSection
	GlobalSection(ProjectConfigurationPlatforms) = postSolution
		{8A1CECE0-6F76-40A8-AEDC-B3D241D8A962}.Debug|Any CPU.ActiveCfg = Debug|Any CPU
		{8A1CECE0-6F76-40A8-AEDC-B3D241D8A962}.Debug|Any CPU.Build.0 = Debug|Any CPU
		{8A1CECE0-6F76-40A8-AEDC-B3D241D8A962}.Debug|Mixed Platforms.ActiveCfg = Debug|Any CPU
		{8A1CECE0-6F76-40A8-AEDC-B3D241D8A962}.Debug|Mixed Platforms.Build.0 = Debug|Any CPU
		{8A1CECE0-6F76-40A8-AEDC-B3D241D8A962}.Debug|x86.ActiveCfg = Debug|Any CPU
		{8A1CECE0-6F76-40A8-AEDC-B3D241D8A962}.Release|Any CPU.ActiveCfg = Release|Any CPU
		{8A1CECE0-6F76-40A8-AEDC-B3D241D8A962}.Release|Any CPU.Build.0 = Release|Any CPU
		{8A1CECE0-6F76-40A8-AEDC-B3D241D8A962}.Release|Mixed Platforms.ActiveCfg = Release|Any CPU
		{8A1CECE0-6F76-40A8-AEDC-B3D241D8A962}.Release|Mixed Platforms.Build.0 = Release|Any CPU
		{8A1CECE0-6F76-40A8-AEDC-B3D241D8A962}.Release|x86.ActiveCfg = Release|Any CPU
		{F585073E-EB3C-41DB-B8BE-2335029780D7}.Debug|Any CPU.ActiveCfg = Debug|Any CPU
		{F585073E-EB3C-41DB-B8BE-2335029780D7}.Debug|Any CPU.Build.0 = Debug|Any CPU
		{F585073E-EB3C-41DB-B8BE-2335029780D7}.Debug|Mixed Platforms.ActiveCfg = Debug|Any CPU
		{F585073E-EB3C-41DB-B8BE-2335029780D7}.Debug|Mixed Platforms.Build.0 = Debug|Any CPU
		{F585073E-EB3C-41DB-B8BE-2335029780D7}.Debug|x86.ActiveCfg = Debug|Any CPU
		{F585073E-EB3C-41DB-B8BE-2335029780D7}.Release|Any CPU.ActiveCfg = Release|Any CPU
		{F585073E-EB3C-41DB-B8BE-2335029780D7}.Release|Any CPU.Build.0 = Release|Any CPU
		{F585073E-EB3C-41DB-B8BE-2335029780D7}.Release|Mixed Platforms.ActiveCfg = Release|Any CPU
		{F585073E-EB3C-41DB-B8BE-2335029780D7}.Release|Mixed Platforms.Build.0 = Release|Any CPU
		{F585073E-EB3C-41DB-B8BE-2335029780D7}.Release|x86.ActiveCfg = Release|Any CPU
		{EA217DB6-4142-4AE9-BD9F-0B0CD95BB311}.Debug|Any CPU.ActiveCfg = Debug|x86
		{EA217DB6-4142-4AE9-BD9F-0B0CD95BB311}.Debug|Mixed Platforms.ActiveCfg = Debug|x86
		{EA217DB6-4142-4AE9-BD9F-0B0CD95BB311}.Debug|Mixed Platforms.Build.0 = Debug|x86
		{EA217DB6-4142-4AE9-BD9F-0B0CD95BB311}.Debug|x86.ActiveCfg = Debug|x86
		{EA217DB6-4142-4AE9-BD9F-0B0CD95BB311}.Debug|x86.Build.0 = Debug|x86
		{EA217DB6-4142-4AE9-BD9F-0B0CD95BB311}.Release|Any CPU.ActiveCfg = Release|x86
		{EA217DB6-4142-4AE9-BD9F-0B0CD95BB311}.Release|Mixed Platforms.ActiveCfg = Release|x86
		{EA217DB6-4142-4AE9-BD9F-0B0CD95BB311}.Release|Mixed Platforms.Build.0 = Release|x86
		{EA217DB6-4142-4AE9-BD9F-0B0CD95BB311}.Release|x86.ActiveCfg = Release|x86
		{EA217DB6-4142-4AE9-BD9F-0B0CD95BB311}.Release|x86.Build.0 = Release|x86
	EndGlobalSection
	GlobalSection(SolutionProperties) = preSolution
		HideSolutionNode = FALSE
	EndGlobalSection
EndGlobal
